
Microsoft Visual Studio Solution File, Format Version 12.00
# Visual Studio Version 17
VisualStudioVersion = 17.9.34616.47
MinimumVisualStudioVersion = 10.0.40219.1
Project("{2150E333-8FDC-42A3-9474-1A3956D46DE8}") = "src", "src", "{25765AB8-44D0-491A-AA37-71E0EFF351B0}"
EndProject
Project("{9A19103F-16F7-4668-BE54-9A1E7A4F7556}") = "NFEio.Commons.Concurrency", "src\NFEio.Commons.Concurrency\NFEio.Commons.Concurrency.csproj", "{75619AE3-5AE7-4F74-8791-7E9328A4E440}"
EndProject
Project("{2150E333-8FDC-42A3-9474-1A3956D46DE8}") = "Solution Items", "Solution Items", "{4D142E78-4ED8-4D1F-BB2F-8D0C6D877BBD}"
	ProjectSection(SolutionItems) = preProject
		..\..\..\..\..\Users\JoãoKita\Downloads\azure-pipelines.yml = ..\..\..\..\..\Users\JoãoKita\Downloads\azure-pipelines.yml
		..\..\..\..\..\Users\JoãoKita\Downloads\nuget.config = ..\..\..\..\..\Users\JoãoKita\Downloads\nuget.config
	EndProjectSection
EndProject
Project("{9A19103F-16F7-4668-BE54-9A1E7A4F7556}") = "NFEio.Commons.Concurrency.Tests", "tests\NFEio.Commons.Concurrency.Tests\NFEio.Commons.Concurrency.Tests.csproj", "{8373FEA8-6E77-4621-84BB-95C96AAAD373}"
EndProject
Project("{2150E333-8FDC-42A3-9474-1A3956D46DE8}") = "tests", "tests", "{839E3918-3D33-4BF7-8529-2E955E4EC921}"
EndProject
Global
	GlobalSection(SolutionConfigurationPlatforms) = preSolution
		Debug|Any CPU = Debug|Any CPU
		Release|Any CPU = Release|Any CPU
	EndGlobalSection
	GlobalSection(ProjectConfigurationPlatforms) = postSolution
		{75619AE3-5AE7-4F74-8791-7E9328A4E440}.Debug|Any CPU.ActiveCfg = Debug|Any CPU
		{75619AE3-5AE7-4F74-8791-7E9328A4E440}.Debug|Any CPU.Build.0 = Debug|Any CPU
		{75619AE3-5AE7-4F74-8791-7E9328A4E440}.Release|Any CPU.ActiveCfg = Release|Any CPU
		{75619AE3-5AE7-4F74-8791-7E9328A4E440}.Release|Any CPU.Build.0 = Release|Any CPU
		{8373FEA8-6E77-4621-84BB-95C96AAAD373}.Debug|Any CPU.ActiveCfg = Debug|Any CPU
		{8373FEA8-6E77-4621-84BB-95C96AAAD373}.Debug|Any CPU.Build.0 = Debug|Any CPU
		{8373FEA8-6E77-4621-84BB-95C96AAAD373}.Release|Any CPU.ActiveCfg = Release|Any CPU
		{8373FEA8-6E77-4621-84BB-95C96AAAD373}.Release|Any CPU.Build.0 = Release|Any CPU
	EndGlobalSection
	GlobalSection(SolutionProperties) = preSolution
		HideSolutionNode = FALSE
	EndGlobalSection
	GlobalSection(NestedProjects) = preSolution
		{75619AE3-5AE7-4F74-8791-7E9328A4E440} = {25765AB8-44D0-491A-AA37-71E0EFF351B0}
		{8373FEA8-6E77-4621-84BB-95C96AAAD373} = {839E3918-3D33-4BF7-8529-2E955E4EC921}
	EndGlobalSection
	GlobalSection(ExtensibilityGlobals) = postSolution
		SolutionGuid = {5F043CD0-07CA-401E-8332-B08DDC711712}
	EndGlobalSection
EndGlobal
